// !$*UTF8*$!
{
	archiveVersion = 1;
	classes = {
	};
	objectVersion = 46;
	objects = {

/* Begin PBXBuildFile section */
		3E073A931922A208008F2246 /* Foundation.framework in Frameworks */ = {isa = PBXBuildFile; fileRef = 3E073A921922A208008F2246 /* Foundation.framework */; };
		3E073A951922A208008F2246 /* CoreGraphics.framework in Frameworks */ = {isa = PBXBuildFile; fileRef = 3E073A941922A208008F2246 /* CoreGraphics.framework */; };
		3E073A971922A209008F2246 /* UIKit.framework in Frameworks */ = {isa = PBXBuildFile; fileRef = 3E073A961922A209008F2246 /* UIKit.framework */; };
		3E073A9D1922A209008F2246 /* InfoPlist.strings in Resources */ = {isa = PBXBuildFile; fileRef = 3E073A9B1922A209008F2246 /* InfoPlist.strings */; };
		3E073A9F1922A209008F2246 /* main.m in Sources */ = {isa = PBXBuildFile; fileRef = 3E073A9E1922A209008F2246 /* main.m */; };
		3E073AA31922A209008F2246 /* DropitAppDelegate.m in Sources */ = {isa = PBXBuildFile; fileRef = 3E073AA21922A209008F2246 /* DropitAppDelegate.m */; };
		3E073AA61922A209008F2246 /* Main.storyboard in Resources */ = {isa = PBXBuildFile; fileRef = 3E073AA41922A209008F2246 /* Main.storyboard */; };
		3E073AA91922A209008F2246 /* DropitViewController.m in Sources */ = {isa = PBXBuildFile; fileRef = 3E073AA81922A209008F2246 /* DropitViewController.m */; };
		3E073AAB1922A209008F2246 /* Images.xcassets in Resources */ = {isa = PBXBuildFile; fileRef = 3E073AAA1922A209008F2246 /* Images.xcassets */; };
		3E073AB21922A209008F2246 /* XCTest.framework in Frameworks */ = {isa = PBXBuildFile; fileRef = 3E073AB11922A209008F2246 /* XCTest.framework */; };
		3E073AB31922A209008F2246 /* Foundation.framework in Frameworks */ = {isa = PBXBuildFile; fileRef = 3E073A921922A208008F2246 /* Foundation.framework */; };
		3E073AB41922A209008F2246 /* UIKit.framework in Frameworks */ = {isa = PBXBuildFile; fileRef = 3E073A961922A209008F2246 /* UIKit.framework */; };
		3E073ABC1922A209008F2246 /* InfoPlist.strings in Resources */ = {isa = PBXBuildFile; fileRef = 3E073ABA1922A209008F2246 /* InfoPlist.strings */; };
		3E073ABE1922A209008F2246 /* DropitTests.m in Sources */ = {isa = PBXBuildFile; fileRef = 3E073ABD1922A209008F2246 /* DropitTests.m */; };
		3E073ACC1922D2EF008F2246 /* DropitBehavior.m in Sources */ = {isa = PBXBuildFile; fileRef = 3E073ACB1922D2EF008F2246 /* DropitBehavior.m */; };
/* End PBXBuildFile section */

/* Begin PBXContainerItemProxy section */
		3E073AB51922A209008F2246 /* PBXContainerItemProxy */ = {
			isa = PBXContainerItemProxy;
			containerPortal = 3E073A871922A208008F2246 /* Project object */;
			proxyType = 1;
			remoteGlobalIDString = 3E073A8E1922A208008F2246;
			remoteInfo = Dropit;
		};
/* End PBXContainerItemProxy section */

/* Begin PBXFileReference section */
		3E073A8F1922A208008F2246 /* Dropit.app */ = {isa = PBXFileReference; explicitFileType = wrapper.application; includeInIndex = 0; path = Dropit.app; sourceTree = BUILT_PRODUCTS_DIR; };
		3E073A921922A208008F2246 /* Foundation.framework */ = {isa = PBXFileReference; lastKnownFileType = wrapper.framework; name = Foundation.framework; path = System/Library/Frameworks/Foundation.framework; sourceTree = SDKROOT; };
		3E073A941922A208008F2246 /* CoreGraphics.framework */ = {isa = PBXFileReference; lastKnownFileType = wrapper.framework; name = CoreGraphics.framework; path = System/Library/Frameworks/CoreGraphics.framework; sourceTree = SDKROOT; };
		3E073A961922A209008F2246 /* UIKit.framework */ = {isa = PBXFileReference; lastKnownFileType = wrapper.framework; name = UIKit.framework; path = System/Library/Frameworks/UIKit.framework; sourceTree = SDKROOT; };
		3E073A9A1922A209008F2246 /* Dropit-Info.plist */ = {isa = PBXFileReference; lastKnownFileType = text.plist.xml; path = "Dropit-Info.plist"; sourceTree = "<group>"; };
		3E073A9C1922A209008F2246 /* en */ = {isa = PBXFileReference; lastKnownFileType = text.plist.strings; name = en; path = en.lproj/InfoPlist.strings; sourceTree = "<group>"; };
		3E073A9E1922A209008F2246 /* main.m */ = {isa = PBXFileReference; lastKnownFileType = sourcecode.c.objc; path = main.m; sourceTree = "<group>"; };
		3E073AA01922A209008F2246 /* Dropit-Prefix.pch */ = {isa = PBXFileReference; lastKnownFileType = sourcecode.c.h; path = "Dropit-Prefix.pch"; sourceTree = "<group>"; };
		3E073AA11922A209008F2246 /* DropitAppDelegate.h */ = {isa = PBXFileReference; lastKnownFileType = sourcecode.c.h; path = DropitAppDelegate.h; sourceTree = "<group>"; };
		3E073AA21922A209008F2246 /* DropitAppDelegate.m */ = {isa = PBXFileReference; lastKnownFileType = sourcecode.c.objc; path = DropitAppDelegate.m; sourceTree = "<group>"; };
		3E073AA51922A209008F2246 /* Base */ = {isa = PBXFileReference; lastKnownFileType = file.storyboard; name = Base; path = Base.lproj/Main.storyboard; sourceTree = "<group>"; };
		3E073AA71922A209008F2246 /* DropitViewController.h */ = {isa = PBXFileReference; lastKnownFileType = sourcecode.c.h; path = DropitViewController.h; sourceTree = "<group>"; };
		3E073AA81922A209008F2246 /* DropitViewController.m */ = {isa = PBXFileReference; lastKnownFileType = sourcecode.c.objc; path = DropitViewController.m; sourceTree = "<group>"; };
		3E073AAA1922A209008F2246 /* Images.xcassets */ = {isa = PBXFileReference; lastKnownFileType = folder.assetcatalog; path = Images.xcassets; sourceTree = "<group>"; };
		3E073AB01922A209008F2246 /* DropitTests.xctest */ = {isa = PBXFileReference; explicitFileType = wrapper.cfbundle; includeInIndex = 0; path = DropitTests.xctest; sourceTree = BUILT_PRODUCTS_DIR; };
		3E073AB11922A209008F2246 /* XCTest.framework */ = {isa = PBXFileReference; lastKnownFileType = wrapper.framework; name = XCTest.framework; path = Library/Frameworks/XCTest.framework; sourceTree = DEVELOPER_DIR; };
		3E073AB91922A209008F2246 /* DropitTests-Info.plist */ = {isa = PBXFileReference; lastKnownFileType = text.plist.xml; path = "DropitTests-Info.plist"; sourceTree = "<group>"; };
		3E073ABB1922A209008F2246 /* en */ = {isa = PBXFileReference; lastKnownFileType = text.plist.strings; name = en; path = en.lproj/InfoPlist.strings; sourceTree = "<group>"; };
		3E073ABD1922A209008F2246 /* DropitTests.m */ = {isa = PBXFileReference; lastKnownFileType = sourcecode.c.objc; path = DropitTests.m; sourceTree = "<group>"; };
		3E073ACA1922D2EF008F2246 /* DropitBehavior.h */ = {isa = PBXFileReference; fileEncoding = 4; lastKnownFileType = sourcecode.c.h; path = DropitBehavior.h; sourceTree = SOURCE_ROOT; };
		3E073ACB1922D2EF008F2246 /* DropitBehavior.m */ = {isa = PBXFileReference; fileEncoding = 4; lastKnownFileType = sourcecode.c.objc; path = DropitBehavior.m; sourceTree = SOURCE_ROOT; };
/* End PBXFileReference section */

/* Begin PBXFrameworksBuildPhase section */
		3E073A8C1922A208008F2246 /* Frameworks */ = {
			isa = PBXFrameworksBuildPhase;
			buildActionMask = 2147483647;
			files = (
				3E073A951922A208008F2246 /* CoreGraphics.framework in Frameworks */,
				3E073A971922A209008F2246 /* UIKit.framework in Frameworks */,
				3E073A931922A208008F2246 /* Foundation.framework in Frameworks */,
			);
			runOnlyForDeploymentPostprocessing = 0;
		};
		3E073AAD1922A209008F2246 /* Frameworks */ = {
			isa = PBXFrameworksBuildPhase;
			buildActionMask = 2147483647;
			files = (
				3E073AB21922A209008F2246 /* XCTest.framework in Frameworks */,
				3E073AB41922A209008F2246 /* UIKit.framework in Frameworks */,
				3E073AB31922A209008F2246 /* Foundation.framework in Frameworks */,
			);
			runOnlyForDeploymentPostprocessing = 0;
		};
/* End PBXFrameworksBuildPhase section */

/* Begin PBXGroup section */
		3E073A861922A208008F2246 = {
			isa = PBXGroup;
			children = (
				3E073A981922A209008F2246 /* Dropit */,
				3E073AB71922A209008F2246 /* DropitTests */,
				3E073A911922A208008F2246 /* Frameworks */,
				3E073A901922A208008F2246 /* Products */,
			);
			sourceTree = "<group>";
		};
		3E073A901922A208008F2246 /* Products */ = {
			isa = PBXGroup;
			children = (
				3E073A8F1922A208008F2246 /* Dropit.app */,
				3E073AB01922A209008F2246 /* DropitTests.xctest */,
			);
			name = Products;
			sourceTree = "<group>";
		};
		3E073A911922A208008F2246 /* Frameworks */ = {
			isa = PBXGroup;
			children = (
				3E073A921922A208008F2246 /* Foundation.framework */,
				3E073A941922A208008F2246 /* CoreGraphics.framework */,
				3E073A961922A209008F2246 /* UIKit.framework */,
				3E073AB11922A209008F2246 /* XCTest.framework */,
			);
			name = Frameworks;
			sourceTree = "<group>";
		};
		3E073A981922A209008F2246 /* Dropit */ = {
			isa = PBXGroup;
			children = (
				3E073AA41922A209008F2246 /* Main.storyboard */,
				3E073AA71922A209008F2246 /* DropitViewController.h */,
				3E073AA81922A209008F2246 /* DropitViewController.m */,
				3E073ACA1922D2EF008F2246 /* DropitBehavior.h */,
				3E073ACB1922D2EF008F2246 /* DropitBehavior.m */,
				3E073AAA1922A209008F2246 /* Images.xcassets */,
				3E073A991922A209008F2246 /* Supporting Files */,
			);
			path = Dropit;
			sourceTree = "<group>";
		};
		3E073A991922A209008F2246 /* Supporting Files */ = {
			isa = PBXGroup;
			children = (
				3E073AA11922A209008F2246 /* DropitAppDelegate.h */,
				3E073AA21922A209008F2246 /* DropitAppDelegate.m */,
				3E073A9A1922A209008F2246 /* Dropit-Info.plist */,
				3E073A9B1922A209008F2246 /* InfoPlist.strings */,
				3E073A9E1922A209008F2246 /* main.m */,
				3E073AA01922A209008F2246 /* Dropit-Prefix.pch */,
			);
			name = "Supporting Files";
			sourceTree = "<group>";
		};
		3E073AB71922A209008F2246 /* DropitTests */ = {
			isa = PBXGroup;
			children = (
				3E073ABD1922A209008F2246 /* DropitTests.m */,
				3E073AB81922A209008F2246 /* Supporting Files */,
			);
			path = DropitTests;
			sourceTree = "<group>";
		};
		3E073AB81922A209008F2246 /* Supporting Files */ = {
			isa = PBXGroup;
			children = (
				3E073AB91922A209008F2246 /* DropitTests-Info.plist */,
				3E073ABA1922A209008F2246 /* InfoPlist.strings */,
			);
			name = "Supporting Files";
			sourceTree = "<group>";
		};
/* End PBXGroup section */

/* Begin PBXNativeTarget section */
		3E073A8E1922A208008F2246 /* Dropit */ = {
			isa = PBXNativeTarget;
			buildConfigurationList = 3E073AC11922A209008F2246 /* Build configuration list for PBXNativeTarget "Dropit" */;
			buildPhases = (
				3E073A8B1922A208008F2246 /* Sources */,
				3E073A8C1922A208008F2246 /* Frameworks */,
				3E073A8D1922A208008F2246 /* Resources */,
			);
			buildRules = (
			);
			dependencies = (
			);
			name = Dropit;
			productName = Dropit;
			productReference = 3E073A8F1922A208008F2246 /* Dropit.app */;
			productType = "com.apple.product-type.application";
		};
		3E073AAF1922A209008F2246 /* DropitTests */ = {
			isa = PBXNativeTarget;
			buildConfigurationList = 3E073AC41922A209008F2246 /* Build configuration list for PBXNativeTarget "DropitTests" */;
			buildPhases = (
				3E073AAC1922A209008F2246 /* Sources */,
				3E073AAD1922A209008F2246 /* Frameworks */,
				3E073AAE1922A209008F2246 /* Resources */,
			);
			buildRules = (
			);
			dependencies = (
				3E073AB61922A209008F2246 /* PBXTargetDependency */,
			);
			name = DropitTests;
			productName = DropitTests;
			productReference = 3E073AB01922A209008F2246 /* DropitTests.xctest */;
			productType = "com.apple.product-type.bundle.unit-test";
		};
/* End PBXNativeTarget section */

/* Begin PBXProject section */
		3E073A871922A208008F2246 /* Project object */ = {
			isa = PBXProject;
			attributes = {
				CLASSPREFIX = Dropit;
				LastUpgradeCheck = 0510;
				ORGANIZATIONNAME = "Peter Reveles";
				TargetAttributes = {
					3E073AAF1922A209008F2246 = {
						TestTargetID = 3E073A8E1922A208008F2246;
					};
				};
			};
			buildConfigurationList = 3E073A8A1922A208008F2246 /* Build configuration list for PBXProject "Dropit" */;
			compatibilityVersion = "Xcode 3.2";
			developmentRegion = English;
			hasScannedForEncodings = 0;
			knownRegions = (
				en,
				Base,
			);
			mainGroup = 3E073A861922A208008F2246;
			productRefGroup = 3E073A901922A208008F2246 /* Products */;
			projectDirPath = "";
			projectRoot = "";
			targets = (
				3E073A8E1922A208008F2246 /* Dropit */,
				3E073AAF1922A209008F2246 /* DropitTests */,
			);
		};
/* End PBXProject section */

/* Begin PBXResourcesBuildPhase section */
		3E073A8D1922A208008F2246 /* Resources */ = {
			isa = PBXResourcesBuildPhase;
			buildActionMask = 2147483647;
			files = (
				3E073AAB1922A209008F2246 /* Images.xcassets in Resources */,
				3E073A9D1922A209008F2246 /* InfoPlist.strings in Resources */,
				3E073AA61922A209008F2246 /* Main.storyboard in Resources */,
			);
			runOnlyForDeploymentPostprocessing = 0;
		};
		3E073AAE1922A209008F2246 /* Resources */ = {
			isa = PBXResourcesBuildPhase;
			buildActionMask = 2147483647;
			files = (
				3E073ABC1922A209008F2246 /* InfoPlist.strings in Resources */,
			);
			runOnlyForDeploymentPostprocessing = 0;
		};
/* End PBXResourcesBuildPhase section */

/* Begin PBXSourcesBuildPhase section */
		3E073A8B1922A208008F2246 /* Sources */ = {
			isa = PBXSourcesBuildPhase;
			buildActionMask = 2147483647;
			files = (
				3E073AA91922A209008F2246 /* DropitViewController.m in Sources */,
				3E073ACC1922D2EF008F2246 /* DropitBehavior.m in Sources */,
				3E073AA31922A209008F2246 /* DropitAppDelegate.m in Sources */,
				3E073A9F1922A209008F2246 /* main.m in Sources */,
			);
			runOnlyForDeploymentPostprocessing = 0;
		};
		3E073AAC1922A209008F2246 /* Sources */ = {
			isa = PBXSourcesBuildPhase;
			buildActionMask = 2147483647;
			files = (
				3E073ABE1922A209008F2246 /* DropitTests.m in Sources */,
			);
			runOnlyForDeploymentPostprocessing = 0;
		};
/* End PBXSourcesBuildPhase section */

/* Begin PBXTargetDependency section */
		3E073AB61922A209008F2246 /* PBXTargetDependency */ = {
			isa = PBXTargetDependency;
			target = 3E073A8E1922A208008F2246 /* Dropit */;
			targetProxy = 3E073AB51922A209008F2246 /* PBXContainerItemProxy */;
		};
/* End PBXTargetDependency section */

/* Begin PBXVariantGroup section */
		3E073A9B1922A209008F2246 /* InfoPlist.strings */ = {
			isa = PBXVariantGroup;
			children = (
				3E073A9C1922A209008F2246 /* en */,
			);
			name = InfoPlist.strings;
			sourceTree = "<group>";
		};
		3E073AA41922A209008F2246 /* Main.storyboard */ = {
			isa = PBXVariantGroup;
			children = (
				3E073AA51922A209008F2246 /* Base */,
			);
			name = Main.storyboard;
			sourceTree = "<group>";
		};
		3E073ABA1922A209008F2246 /* InfoPlist.strings */ = {
			isa = PBXVariantGroup;
			children = (
				3E073ABB1922A209008F2246 /* en */,
			);
			name = InfoPlist.strings;
			sourceTree = "<group>";
		};
/* End PBXVariantGroup section */

/* Begin XCBuildConfiguration section */
		3E073ABF1922A209008F2246 /* Debug */ = {
			isa = XCBuildConfiguration;
			buildSettings = {
				ALWAYS_SEARCH_USER_PATHS = NO;
				CLANG_CXX_LANGUAGE_STANDARD = "gnu++0x";
				CLANG_CXX_LIBRARY = "libc++";
				CLANG_ENABLE_MODULES = YES;
				CLANG_ENABLE_OBJC_ARC = YES;
				CLANG_WARN_BOOL_CONVERSION = YES;
				CLANG_WARN_CONSTANT_CONVERSION = YES;
				CLANG_WARN_DIRECT_OBJC_ISA_USAGE = YES_ERROR;
				CLANG_WARN_EMPTY_BODY = YES;
				CLANG_WARN_ENUM_CONVERSION = YES;
				CLANG_WARN_INT_CONVERSION = YES;
				CLANG_WARN_OBJC_ROOT_CLASS = YES_ERROR;
				CLANG_WARN__DUPLICATE_METHOD_MATCH = YES;
				"CODE_SIGN_IDENTITY[sdk=iphoneos*]" = "iPhone Developer";
				COPY_PHASE_STRIP = NO;
				GCC_C_LANGUAGE_STANDARD = gnu99;
				GCC_DYNAMIC_NO_PIC = NO;
				GCC_OPTIMIZATION_LEVEL = 0;
				GCC_PREPROCESSOR_DEFINITIONS = (
					"DEBUG=1",
					"$(inherited)",
				);
				GCC_SYMBOLS_PRIVATE_EXTERN = NO;
				GCC_WARN_64_TO_32_BIT_CONVERSION = YES;
				GCC_WARN_ABOUT_RETURN_TYPE = YES_ERROR;
				GCC_WARN_UNDECLARED_SELECTOR = YES;
				GCC_WARN_UNINITIALIZED_AUTOS = YES_AGGRESSIVE;
				GCC_WARN_UNUSED_FUNCTION = YES;
				GCC_WARN_UNUSED_VARIABLE = YES;
				IPHONEOS_DEPLOYMENT_TARGET = 7.1;
				ONLY_ACTIVE_ARCH = YES;
				SDKROOT = iphoneos;
			};
			name = Debug;
		};
		3E073AC01922A209008F2246 /* Release */ = {
			isa = XCBuildConfiguration;
			buildSettings = {
				ALWAYS_SEARCH_USER_PATHS = NO;
				CLANG_CXX_LANGUAGE_STANDARD = "gnu++0x";
				CLANG_CXX_LIBRARY = "libc++";
				CLANG_ENABLE_MODULES = YES;
				CLANG_ENABLE_OBJC_ARC = YES;
				CLANG_WARN_BOOL_CONVERSION = YES;
				CLANG_WARN_CONSTANT_CONVERSION = YES;
				CLANG_WARN_DIRECT_OBJC_ISA_USAGE = YES_ERROR;
				CLANG_WARN_EMPTY_BODY = YES;
				CLANG_WARN_ENUM_CONVERSION = YES;
				CLANG_WARN_INT_CONVERSION = YES;
				CLANG_WARN_OBJC_ROOT_CLASS = YES_ERROR;
				CLANG_WARN__DUPLICATE_METHOD_MATCH = YES;
				"CODE_SIGN_IDENTITY[sdk=iphoneos*]" = "iPhone Developer";
				COPY_PHASE_STRIP = YES;
				ENABLE_NS_ASSERTIONS = NO;
				GCC_C_LANGUAGE_STANDARD = gnu99;
				GCC_WARN_64_TO_32_BIT_CONVERSION = YES;
				GCC_WARN_ABOUT_RETURN_TYPE = YES_ERROR;
				GCC_WARN_UNDECLARED_SELECTOR = YES;
				GCC_WARN_UNINITIALIZED_AUTOS = YES_AGGRESSIVE;
				GCC_WARN_UNUSED_FUNCTION = YES;
				GCC_WARN_UNUSED_VARIABLE = YES;
				IPHONEOS_DEPLOYMENT_TARGET = 7.1;
				SDKROOT = iphoneos;
				VALIDATE_PRODUCT = YES;
			};
			name = Release;
		};
		3E073AC21922A209008F2246 /* Debug */ = {
			isa = XCBuildConfiguration;
			buildSettings = {
				ASSETCATALOG_COMPILER_APPICON_NAME = AppIcon;
				ASSETCATALOG_COMPILER_LAUNCHIMAGE_NAME = LaunchImage;
				GCC_PRECOMPILE_PREFIX_HEADER = YES;
				GCC_PREFIX_HEADER = "Dropit/Dropit-Prefix.pch";
				INFOPLIST_FILE = "Dropit/Dropit-Info.plist";
				PRODUCT_NAME = "$(TARGET_NAME)";
				WRAPPER_EXTENSION = app;
			};
			name = Debug;
		};
		3E073AC31922A209008F2246 /* Release */ = {
			isa = XCBuildConfiguration;
			buildSettings = {
				ASSETCATALOG_COMPILER_APPICON_NAME = AppIcon;
				ASSETCATALOG_COMPILER_LAUNCHIMAGE_NAME = LaunchImage;
				GCC_PRECOMPILE_PREFIX_HEADER = YES;
				GCC_PREFIX_HEADER = "Dropit/Dropit-Prefix.pch";
				INFOPLIST_FILE = "Dropit/Dropit-Info.plist";
				PRODUCT_NAME = "$(TARGET_NAME)";
				WRAPPER_EXTENSION = app;
			};
			name = Release;
		};
		3E073AC51922A209008F2246 /* Debug */ = {
			isa = XCBuildConfiguration;
			buildSettings = {
				BUNDLE_LOADER = "$(BUILT_PRODUCTS_DIR)/Dropit.app/Dropit";
				FRAMEWORK_SEARCH_PATHS = (
					"$(SDKROOT)/Developer/Library/Frameworks",
					"$(inherited)",
					"$(DEVELOPER_FRAMEWORKS_DIR)",
				);
				GCC_PRECOMPILE_PREFIX_HEADER = YES;
				GCC_PREFIX_HEADER = "Dropit/Dropit-Prefix.pch";
				GCC_PREPROCESSOR_DEFINITIONS = (
					"DEBUG=1",
					"$(inherited)",
				);
				INFOPLIST_FILE = "DropitTests/DropitTests-Info.plist";
				PRODUCT_NAME = "$(TARGET_NAME)";
				TEST_HOST = "$(BUNDLE_LOADER)";
				WRAPPER_EXTENSION = xctest;
			};
			name = Debug;
		};
		3E073AC61922A209008F2246 /* Release */ = {
			isa = XCBuildConfiguration;
			buildSettings = {
				BUNDLE_LOADER = "$(BUILT_PRODUCTS_DIR)/Dropit.app/Dropit";
				FRAMEWORK_SEARCH_PATHS = (
					"$(SDKROOT)/Developer/Library/Frameworks",
					"$(inherited)",
					"$(DEVELOPER_FRAMEWORKS_DIR)",
				);
				GCC_PRECOMPILE_PREFIX_HEADER = YES;
				GCC_PREFIX_HEADER = "Dropit/Dropit-Prefix.pch";
				INFOPLIST_FILE = "DropitTests/DropitTests-Info.plist";
				PRODUCT_NAME = "$(TARGET_NAME)";
				TEST_HOST = "$(BUNDLE_LOADER)";
				WRAPPER_EXTENSION = xctest;
			};
			name = Release;
		};
/* End XCBuildConfiguration section */

/* Begin XCConfigurationList section */
		3E073A8A1922A208008F2246 /* Build configuration list for PBXProject "Dropit" */ = {
			isa = XCConfigurationList;
			buildConfigurations = (
				3E073ABF1922A209008F2246 /* Debug */,
				3E073AC01922A209008F2246 /* Release */,
			);
			defaultConfigurationIsVisible = 0;
			defaultConfigurationName = Release;
		};
		3E073AC11922A209008F2246 /* Build configuration list for PBXNativeTarget "Dropit" */ = {
			isa = XCConfigurationList;
			buildConfigurations = (
				3E073AC21922A209008F2246 /* Debug */,
				3E073AC31922A209008F2246 /* Release */,
			);
			defaultConfigurationIsVisible = 0;
			defaultConfigurationName = Release;
		};
		3E073AC41922A209008F2246 /* Build configuration list for PBXNativeTarget "DropitTests" */ = {
			isa = XCConfigurationList;
			buildConfigurations = (
				3E073AC51922A209008F2246 /* Debug */,
				3E073AC61922A209008F2246 /* Release */,
			);
			defaultConfigurationIsVisible = 0;
			defaultConfigurationName = Release;
		};
/* End XCConfigurationList section */
	};
	rootObject = 3E073A871922A208008F2246 /* Project object */;
}
