// !$*UTF8*$!
{
	archiveVersion = 1;
	classes = {
	};
	objectVersion = 46;
	objects = {

/* Begin PBXBuildFile section */
		3E3898ED190D941300600AD0 /* Foundation.framework in Frameworks */ = {isa = PBXBuildFile; fileRef = 3E3898EC190D941300600AD0 /* Foundation.framework */; };
		3E3898EF190D941300600AD0 /* CoreGraphics.framework in Frameworks */ = {isa = PBXBuildFile; fileRef = 3E3898EE190D941300600AD0 /* CoreGraphics.framework */; };
		3E3898F1190D941300600AD0 /* UIKit.framework in Frameworks */ = {isa = PBXBuildFile; fileRef = 3E3898F0190D941300600AD0 /* UIKit.framework */; };
		3E3898F7190D941300600AD0 /* InfoPlist.strings in Resources */ = {isa = PBXBuildFile; fileRef = 3E3898F5190D941300600AD0 /* InfoPlist.strings */; };
		3E3898F9190D941300600AD0 /* main.m in Sources */ = {isa = PBXBuildFile; fileRef = 3E3898F8190D941300600AD0 /* main.m */; };
		3E3898FD190D941300600AD0 /* AppDelegate.m in Sources */ = {isa = PBXBuildFile; fileRef = 3E3898FC190D941300600AD0 /* AppDelegate.m */; };
		3E389900190D941300600AD0 /* Main.storyboard in Resources */ = {isa = PBXBuildFile; fileRef = 3E3898FE190D941300600AD0 /* Main.storyboard */; };
		3E389903190D941300600AD0 /* ViewController.m in Sources */ = {isa = PBXBuildFile; fileRef = 3E389902190D941300600AD0 /* ViewController.m */; };
		3E389905190D941300600AD0 /* Images.xcassets in Resources */ = {isa = PBXBuildFile; fileRef = 3E389904190D941300600AD0 /* Images.xcassets */; };
		3E38990C190D941300600AD0 /* XCTest.framework in Frameworks */ = {isa = PBXBuildFile; fileRef = 3E38990B190D941300600AD0 /* XCTest.framework */; };
		3E38990D190D941300600AD0 /* Foundation.framework in Frameworks */ = {isa = PBXBuildFile; fileRef = 3E3898EC190D941300600AD0 /* Foundation.framework */; };
		3E38990E190D941300600AD0 /* UIKit.framework in Frameworks */ = {isa = PBXBuildFile; fileRef = 3E3898F0190D941300600AD0 /* UIKit.framework */; };
		3E389916190D941300600AD0 /* InfoPlist.strings in Resources */ = {isa = PBXBuildFile; fileRef = 3E389914190D941300600AD0 /* InfoPlist.strings */; };
		3E389918190D941300600AD0 /* SuperCardTests.m in Sources */ = {isa = PBXBuildFile; fileRef = 3E389917190D941300600AD0 /* SuperCardTests.m */; };
		3E389923190D94FC00600AD0 /* PlayingCardView.m in Sources */ = {isa = PBXBuildFile; fileRef = 3E389922190D94FC00600AD0 /* PlayingCardView.m */; };
		3E389928190E08B100600AD0 /* Deck.m in Sources */ = {isa = PBXBuildFile; fileRef = 3E389925190E08B100600AD0 /* Deck.m */; };
		3E389929190E08B100600AD0 /* PlayingCardDeck.m in Sources */ = {isa = PBXBuildFile; fileRef = 3E389927190E08B100600AD0 /* PlayingCardDeck.m */; };
		3E38992E190E08C100600AD0 /* Card.m in Sources */ = {isa = PBXBuildFile; fileRef = 3E38992B190E08C100600AD0 /* Card.m */; };
		3E38992F190E08C100600AD0 /* PlayingCard.m in Sources */ = {isa = PBXBuildFile; fileRef = 3E38992D190E08C100600AD0 /* PlayingCard.m */; };
/* End PBXBuildFile section */

/* Begin PBXContainerItemProxy section */
		3E38990F190D941300600AD0 /* PBXContainerItemProxy */ = {
			isa = PBXContainerItemProxy;
			containerPortal = 3E3898E1190D941300600AD0 /* Project object */;
			proxyType = 1;
			remoteGlobalIDString = 3E3898E8190D941300600AD0;
			remoteInfo = SuperCard;
		};
/* End PBXContainerItemProxy section */

/* Begin PBXFileReference section */
		3E3898E9190D941300600AD0 /* SuperCard.app */ = {isa = PBXFileReference; explicitFileType = wrapper.application; includeInIndex = 0; path = SuperCard.app; sourceTree = BUILT_PRODUCTS_DIR; };
		3E3898EC190D941300600AD0 /* Foundation.framework */ = {isa = PBXFileReference; lastKnownFileType = wrapper.framework; name = Foundation.framework; path = System/Library/Frameworks/Foundation.framework; sourceTree = SDKROOT; };
		3E3898EE190D941300600AD0 /* CoreGraphics.framework */ = {isa = PBXFileReference; lastKnownFileType = wrapper.framework; name = CoreGraphics.framework; path = System/Library/Frameworks/CoreGraphics.framework; sourceTree = SDKROOT; };
		3E3898F0190D941300600AD0 /* UIKit.framework */ = {isa = PBXFileReference; lastKnownFileType = wrapper.framework; name = UIKit.framework; path = System/Library/Frameworks/UIKit.framework; sourceTree = SDKROOT; };
		3E3898F4190D941300600AD0 /* SuperCard-Info.plist */ = {isa = PBXFileReference; lastKnownFileType = text.plist.xml; path = "SuperCard-Info.plist"; sourceTree = "<group>"; };
		3E3898F6190D941300600AD0 /* en */ = {isa = PBXFileReference; lastKnownFileType = text.plist.strings; name = en; path = en.lproj/InfoPlist.strings; sourceTree = "<group>"; };
		3E3898F8190D941300600AD0 /* main.m */ = {isa = PBXFileReference; lastKnownFileType = sourcecode.c.objc; path = main.m; sourceTree = "<group>"; };
		3E3898FA190D941300600AD0 /* SuperCard-Prefix.pch */ = {isa = PBXFileReference; lastKnownFileType = sourcecode.c.h; path = "SuperCard-Prefix.pch"; sourceTree = "<group>"; };
		3E3898FB190D941300600AD0 /* AppDelegate.h */ = {isa = PBXFileReference; lastKnownFileType = sourcecode.c.h; path = AppDelegate.h; sourceTree = "<group>"; };
		3E3898FC190D941300600AD0 /* AppDelegate.m */ = {isa = PBXFileReference; lastKnownFileType = sourcecode.c.objc; path = AppDelegate.m; sourceTree = "<group>"; };
		3E3898FF190D941300600AD0 /* Base */ = {isa = PBXFileReference; lastKnownFileType = file.storyboard; name = Base; path = Base.lproj/Main.storyboard; sourceTree = "<group>"; };
		3E389901190D941300600AD0 /* ViewController.h */ = {isa = PBXFileReference; lastKnownFileType = sourcecode.c.h; path = ViewController.h; sourceTree = "<group>"; };
		3E389902190D941300600AD0 /* ViewController.m */ = {isa = PBXFileReference; lastKnownFileType = sourcecode.c.objc; path = ViewController.m; sourceTree = "<group>"; };
		3E389904190D941300600AD0 /* Images.xcassets */ = {isa = PBXFileReference; lastKnownFileType = folder.assetcatalog; path = Images.xcassets; sourceTree = "<group>"; };
		3E38990A190D941300600AD0 /* SuperCardTests.xctest */ = {isa = PBXFileReference; explicitFileType = wrapper.cfbundle; includeInIndex = 0; path = SuperCardTests.xctest; sourceTree = BUILT_PRODUCTS_DIR; };
		3E38990B190D941300600AD0 /* XCTest.framework */ = {isa = PBXFileReference; lastKnownFileType = wrapper.framework; name = XCTest.framework; path = Library/Frameworks/XCTest.framework; sourceTree = DEVELOPER_DIR; };
		3E389913190D941300600AD0 /* SuperCardTests-Info.plist */ = {isa = PBXFileReference; lastKnownFileType = text.plist.xml; path = "SuperCardTests-Info.plist"; sourceTree = "<group>"; };
		3E389915190D941300600AD0 /* en */ = {isa = PBXFileReference; lastKnownFileType = text.plist.strings; name = en; path = en.lproj/InfoPlist.strings; sourceTree = "<group>"; };
		3E389917190D941300600AD0 /* SuperCardTests.m */ = {isa = PBXFileReference; lastKnownFileType = sourcecode.c.objc; path = SuperCardTests.m; sourceTree = "<group>"; };
		3E389921190D94FC00600AD0 /* PlayingCardView.h */ = {isa = PBXFileReference; fileEncoding = 4; lastKnownFileType = sourcecode.c.h; path = PlayingCardView.h; sourceTree = "<group>"; };
		3E389922190D94FC00600AD0 /* PlayingCardView.m */ = {isa = PBXFileReference; fileEncoding = 4; lastKnownFileType = sourcecode.c.objc; path = PlayingCardView.m; sourceTree = "<group>"; };
		3E389924190E08B100600AD0 /* Deck.h */ = {isa = PBXFileReference; fileEncoding = 4; lastKnownFileType = sourcecode.c.h; path = Deck.h; sourceTree = "<group>"; };
		3E389925190E08B100600AD0 /* Deck.m */ = {isa = PBXFileReference; fileEncoding = 4; lastKnownFileType = sourcecode.c.objc; path = Deck.m; sourceTree = "<group>"; };
		3E389926190E08B100600AD0 /* PlayingCardDeck.h */ = {isa = PBXFileReference; fileEncoding = 4; lastKnownFileType = sourcecode.c.h; path = PlayingCardDeck.h; sourceTree = "<group>"; };
		3E389927190E08B100600AD0 /* PlayingCardDeck.m */ = {isa = PBXFileReference; fileEncoding = 4; lastKnownFileType = sourcecode.c.objc; path = PlayingCardDeck.m; sourceTree = "<group>"; };
		3E38992A190E08C100600AD0 /* Card.h */ = {isa = PBXFileReference; fileEncoding = 4; lastKnownFileType = sourcecode.c.h; path = Card.h; sourceTree = "<group>"; };
		3E38992B190E08C100600AD0 /* Card.m */ = {isa = PBXFileReference; fileEncoding = 4; lastKnownFileType = sourcecode.c.objc; path = Card.m; sourceTree = "<group>"; };
		3E38992C190E08C100600AD0 /* PlayingCard.h */ = {isa = PBXFileReference; fileEncoding = 4; lastKnownFileType = sourcecode.c.h; path = PlayingCard.h; sourceTree = "<group>"; };
		3E38992D190E08C100600AD0 /* PlayingCard.m */ = {isa = PBXFileReference; fileEncoding = 4; lastKnownFileType = sourcecode.c.objc; path = PlayingCard.m; sourceTree = "<group>"; };
/* End PBXFileReference section */

/* Begin PBXFrameworksBuildPhase section */
		3E3898E6190D941300600AD0 /* Frameworks */ = {
			isa = PBXFrameworksBuildPhase;
			buildActionMask = 2147483647;
			files = (
				3E3898EF190D941300600AD0 /* CoreGraphics.framework in Frameworks */,
				3E3898F1190D941300600AD0 /* UIKit.framework in Frameworks */,
				3E3898ED190D941300600AD0 /* Foundation.framework in Frameworks */,
			);
			runOnlyForDeploymentPostprocessing = 0;
		};
		3E389907190D941300600AD0 /* Frameworks */ = {
			isa = PBXFrameworksBuildPhase;
			buildActionMask = 2147483647;
			files = (
				3E38990C190D941300600AD0 /* XCTest.framework in Frameworks */,
				3E38990E190D941300600AD0 /* UIKit.framework in Frameworks */,
				3E38990D190D941300600AD0 /* Foundation.framework in Frameworks */,
			);
			runOnlyForDeploymentPostprocessing = 0;
		};
/* End PBXFrameworksBuildPhase section */

/* Begin PBXGroup section */
		3E3898E0190D941300600AD0 = {
			isa = PBXGroup;
			children = (
				3E3898F2190D941300600AD0 /* SuperCard */,
				3E389911190D941300600AD0 /* SuperCardTests */,
				3E3898EB190D941300600AD0 /* Frameworks */,
				3E3898EA190D941300600AD0 /* Products */,
			);
			sourceTree = "<group>";
		};
		3E3898EA190D941300600AD0 /* Products */ = {
			isa = PBXGroup;
			children = (
				3E3898E9190D941300600AD0 /* SuperCard.app */,
				3E38990A190D941300600AD0 /* SuperCardTests.xctest */,
			);
			name = Products;
			sourceTree = "<group>";
		};
		3E3898EB190D941300600AD0 /* Frameworks */ = {
			isa = PBXGroup;
			children = (
				3E3898EC190D941300600AD0 /* Foundation.framework */,
				3E3898EE190D941300600AD0 /* CoreGraphics.framework */,
				3E3898F0190D941300600AD0 /* UIKit.framework */,
				3E38990B190D941300600AD0 /* XCTest.framework */,
			);
			name = Frameworks;
			sourceTree = "<group>";
		};
		3E3898F2190D941300600AD0 /* SuperCard */ = {
			isa = PBXGroup;
			children = (
				3E3898FE190D941300600AD0 /* Main.storyboard */,
				3E389901190D941300600AD0 /* ViewController.h */,
				3E389902190D941300600AD0 /* ViewController.m */,
				3E389921190D94FC00600AD0 /* PlayingCardView.h */,
				3E389922190D94FC00600AD0 /* PlayingCardView.m */,
				3E389904190D941300600AD0 /* Images.xcassets */,
				3E389930190E08CA00600AD0 /* Model */,
				3E3898F3190D941300600AD0 /* Supporting Files */,
			);
			path = SuperCard;
			sourceTree = "<group>";
		};
		3E3898F3190D941300600AD0 /* Supporting Files */ = {
			isa = PBXGroup;
			children = (
				3E3898FB190D941300600AD0 /* AppDelegate.h */,
				3E3898FC190D941300600AD0 /* AppDelegate.m */,
				3E3898F4190D941300600AD0 /* SuperCard-Info.plist */,
				3E3898F5190D941300600AD0 /* InfoPlist.strings */,
				3E3898F8190D941300600AD0 /* main.m */,
				3E3898FA190D941300600AD0 /* SuperCard-Prefix.pch */,
			);
			name = "Supporting Files";
			sourceTree = "<group>";
		};
		3E389911190D941300600AD0 /* SuperCardTests */ = {
			isa = PBXGroup;
			children = (
				3E389917190D941300600AD0 /* SuperCardTests.m */,
				3E389912190D941300600AD0 /* Supporting Files */,
			);
			path = SuperCardTests;
			sourceTree = "<group>";
		};
		3E389912190D941300600AD0 /* Supporting Files */ = {
			isa = PBXGroup;
			children = (
				3E389913190D941300600AD0 /* SuperCardTests-Info.plist */,
				3E389914190D941300600AD0 /* InfoPlist.strings */,
			);
			name = "Supporting Files";
			sourceTree = "<group>";
		};
		3E389930190E08CA00600AD0 /* Model */ = {
			isa = PBXGroup;
			children = (
				3E389931190E08E400600AD0 /* Decks */,
				3E389932190E08EF00600AD0 /* Cards */,
			);
			name = Model;
			sourceTree = "<group>";
		};
		3E389931190E08E400600AD0 /* Decks */ = {
			isa = PBXGroup;
			children = (
				3E389924190E08B100600AD0 /* Deck.h */,
				3E389925190E08B100600AD0 /* Deck.m */,
				3E389926190E08B100600AD0 /* PlayingCardDeck.h */,
				3E389927190E08B100600AD0 /* PlayingCardDeck.m */,
			);
			name = Decks;
			sourceTree = "<group>";
		};
		3E389932190E08EF00600AD0 /* Cards */ = {
			isa = PBXGroup;
			children = (
				3E38992A190E08C100600AD0 /* Card.h */,
				3E38992B190E08C100600AD0 /* Card.m */,
				3E38992C190E08C100600AD0 /* PlayingCard.h */,
				3E38992D190E08C100600AD0 /* PlayingCard.m */,
			);
			name = Cards;
			sourceTree = "<group>";
		};
/* End PBXGroup section */

/* Begin PBXNativeTarget section */
		3E3898E8190D941300600AD0 /* SuperCard */ = {
			isa = PBXNativeTarget;
			buildConfigurationList = 3E38991B190D941300600AD0 /* Build configuration list for PBXNativeTarget "SuperCard" */;
			buildPhases = (
				3E3898E5190D941300600AD0 /* Sources */,
				3E3898E6190D941300600AD0 /* Frameworks */,
				3E3898E7190D941300600AD0 /* Resources */,
			);
			buildRules = (
			);
			dependencies = (
			);
			name = SuperCard;
			productName = SuperCard;
			productReference = 3E3898E9190D941300600AD0 /* SuperCard.app */;
			productType = "com.apple.product-type.application";
		};
		3E389909190D941300600AD0 /* SuperCardTests */ = {
			isa = PBXNativeTarget;
			buildConfigurationList = 3E38991E190D941300600AD0 /* Build configuration list for PBXNativeTarget "SuperCardTests" */;
			buildPhases = (
				3E389906190D941300600AD0 /* Sources */,
				3E389907190D941300600AD0 /* Frameworks */,
				3E389908190D941300600AD0 /* Resources */,
			);
			buildRules = (
			);
			dependencies = (
				3E389910190D941300600AD0 /* PBXTargetDependency */,
			);
			name = SuperCardTests;
			productName = SuperCardTests;
			productReference = 3E38990A190D941300600AD0 /* SuperCardTests.xctest */;
			productType = "com.apple.product-type.bundle.unit-test";
		};
/* End PBXNativeTarget section */

/* Begin PBXProject section */
		3E3898E1190D941300600AD0 /* Project object */ = {
			isa = PBXProject;
			attributes = {
				LastUpgradeCheck = 0510;
				ORGANIZATIONNAME = "Peter Reveles";
				TargetAttributes = {
					3E389909190D941300600AD0 = {
						TestTargetID = 3E3898E8190D941300600AD0;
					};
				};
			};
			buildConfigurationList = 3E3898E4190D941300600AD0 /* Build configuration list for PBXProject "SuperCard" */;
			compatibilityVersion = "Xcode 3.2";
			developmentRegion = English;
			hasScannedForEncodings = 0;
			knownRegions = (
				en,
				Base,
			);
			mainGroup = 3E3898E0190D941300600AD0;
			productRefGroup = 3E3898EA190D941300600AD0 /* Products */;
			projectDirPath = "";
			projectRoot = "";
			targets = (
				3E3898E8190D941300600AD0 /* SuperCard */,
				3E389909190D941300600AD0 /* SuperCardTests */,
			);
		};
/* End PBXProject section */

/* Begin PBXResourcesBuildPhase section */
		3E3898E7190D941300600AD0 /* Resources */ = {
			isa = PBXResourcesBuildPhase;
			buildActionMask = 2147483647;
			files = (
				3E389905190D941300600AD0 /* Images.xcassets in Resources */,
				3E3898F7190D941300600AD0 /* InfoPlist.strings in Resources */,
				3E389900190D941300600AD0 /* Main.storyboard in Resources */,
			);
			runOnlyForDeploymentPostprocessing = 0;
		};
		3E389908190D941300600AD0 /* Resources */ = {
			isa = PBXResourcesBuildPhase;
			buildActionMask = 2147483647;
			files = (
				3E389916190D941300600AD0 /* InfoPlist.strings in Resources */,
			);
			runOnlyForDeploymentPostprocessing = 0;
		};
/* End PBXResourcesBuildPhase section */

/* Begin PBXSourcesBuildPhase section */
		3E3898E5190D941300600AD0 /* Sources */ = {
			isa = PBXSourcesBuildPhase;
			buildActionMask = 2147483647;
			files = (
				3E389928190E08B100600AD0 /* Deck.m in Sources */,
				3E389929190E08B100600AD0 /* PlayingCardDeck.m in Sources */,
				3E389903190D941300600AD0 /* ViewController.m in Sources */,
				3E389923190D94FC00600AD0 /* PlayingCardView.m in Sources */,
				3E3898FD190D941300600AD0 /* AppDelegate.m in Sources */,
				3E38992E190E08C100600AD0 /* Card.m in Sources */,
				3E38992F190E08C100600AD0 /* PlayingCard.m in Sources */,
				3E3898F9190D941300600AD0 /* main.m in Sources */,
			);
			runOnlyForDeploymentPostprocessing = 0;
		};
		3E389906190D941300600AD0 /* Sources */ = {
			isa = PBXSourcesBuildPhase;
			buildActionMask = 2147483647;
			files = (
				3E389918190D941300600AD0 /* SuperCardTests.m in Sources */,
			);
			runOnlyForDeploymentPostprocessing = 0;
		};
/* End PBXSourcesBuildPhase section */

/* Begin PBXTargetDependency section */
		3E389910190D941300600AD0 /* PBXTargetDependency */ = {
			isa = PBXTargetDependency;
			target = 3E3898E8190D941300600AD0 /* SuperCard */;
			targetProxy = 3E38990F190D941300600AD0 /* PBXContainerItemProxy */;
		};
/* End PBXTargetDependency section */

/* Begin PBXVariantGroup section */
		3E3898F5190D941300600AD0 /* InfoPlist.strings */ = {
			isa = PBXVariantGroup;
			children = (
				3E3898F6190D941300600AD0 /* en */,
			);
			name = InfoPlist.strings;
			sourceTree = "<group>";
		};
		3E3898FE190D941300600AD0 /* Main.storyboard */ = {
			isa = PBXVariantGroup;
			children = (
				3E3898FF190D941300600AD0 /* Base */,
			);
			name = Main.storyboard;
			sourceTree = "<group>";
		};
		3E389914190D941300600AD0 /* InfoPlist.strings */ = {
			isa = PBXVariantGroup;
			children = (
				3E389915190D941300600AD0 /* en */,
			);
			name = InfoPlist.strings;
			sourceTree = "<group>";
		};
/* End PBXVariantGroup section */

/* Begin XCBuildConfiguration section */
		3E389919190D941300600AD0 /* Debug */ = {
			isa = XCBuildConfiguration;
			buildSettings = {
				ALWAYS_SEARCH_USER_PATHS = NO;
				CLANG_CXX_LANGUAGE_STANDARD = "gnu++0x";
				CLANG_CXX_LIBRARY = "libc++";
				CLANG_ENABLE_MODULES = YES;
				CLANG_ENABLE_OBJC_ARC = YES;
				CLANG_WARN_BOOL_CONVERSION = YES;
				CLANG_WARN_CONSTANT_CONVERSION = YES;
				CLANG_WARN_DIRECT_OBJC_ISA_USAGE = YES_ERROR;
				CLANG_WARN_EMPTY_BODY = YES;
				CLANG_WARN_ENUM_CONVERSION = YES;
				CLANG_WARN_INT_CONVERSION = YES;
				CLANG_WARN_OBJC_ROOT_CLASS = YES_ERROR;
				CLANG_WARN__DUPLICATE_METHOD_MATCH = YES;
				"CODE_SIGN_IDENTITY[sdk=iphoneos*]" = "iPhone Developer";
				COPY_PHASE_STRIP = NO;
				GCC_C_LANGUAGE_STANDARD = gnu99;
				GCC_DYNAMIC_NO_PIC = NO;
				GCC_OPTIMIZATION_LEVEL = 0;
				GCC_PREPROCESSOR_DEFINITIONS = (
					"DEBUG=1",
					"$(inherited)",
				);
				GCC_SYMBOLS_PRIVATE_EXTERN = NO;
				GCC_WARN_64_TO_32_BIT_CONVERSION = YES;
				GCC_WARN_ABOUT_RETURN_TYPE = YES_ERROR;
				GCC_WARN_UNDECLARED_SELECTOR = YES;
				GCC_WARN_UNINITIALIZED_AUTOS = YES_AGGRESSIVE;
				GCC_WARN_UNUSED_FUNCTION = YES;
				GCC_WARN_UNUSED_VARIABLE = YES;
				IPHONEOS_DEPLOYMENT_TARGET = 7.1;
				ONLY_ACTIVE_ARCH = YES;
				SDKROOT = iphoneos;
			};
			name = Debug;
		};
		3E38991A190D941300600AD0 /* Release */ = {
			isa = XCBuildConfiguration;
			buildSettings = {
				ALWAYS_SEARCH_USER_PATHS = NO;
				CLANG_CXX_LANGUAGE_STANDARD = "gnu++0x";
				CLANG_CXX_LIBRARY = "libc++";
				CLANG_ENABLE_MODULES = YES;
				CLANG_ENABLE_OBJC_ARC = YES;
				CLANG_WARN_BOOL_CONVERSION = YES;
				CLANG_WARN_CONSTANT_CONVERSION = YES;
				CLANG_WARN_DIRECT_OBJC_ISA_USAGE = YES_ERROR;
				CLANG_WARN_EMPTY_BODY = YES;
				CLANG_WARN_ENUM_CONVERSION = YES;
				CLANG_WARN_INT_CONVERSION = YES;
				CLANG_WARN_OBJC_ROOT_CLASS = YES_ERROR;
				CLANG_WARN__DUPLICATE_METHOD_MATCH = YES;
				"CODE_SIGN_IDENTITY[sdk=iphoneos*]" = "iPhone Developer";
				COPY_PHASE_STRIP = YES;
				ENABLE_NS_ASSERTIONS = NO;
				GCC_C_LANGUAGE_STANDARD = gnu99;
				GCC_WARN_64_TO_32_BIT_CONVERSION = YES;
				GCC_WARN_ABOUT_RETURN_TYPE = YES_ERROR;
				GCC_WARN_UNDECLARED_SELECTOR = YES;
				GCC_WARN_UNINITIALIZED_AUTOS = YES_AGGRESSIVE;
				GCC_WARN_UNUSED_FUNCTION = YES;
				GCC_WARN_UNUSED_VARIABLE = YES;
				IPHONEOS_DEPLOYMENT_TARGET = 7.1;
				SDKROOT = iphoneos;
				VALIDATE_PRODUCT = YES;
			};
			name = Release;
		};
		3E38991C190D941300600AD0 /* Debug */ = {
			isa = XCBuildConfiguration;
			buildSettings = {
				ASSETCATALOG_COMPILER_APPICON_NAME = AppIcon;
				ASSETCATALOG_COMPILER_LAUNCHIMAGE_NAME = LaunchImage;
				GCC_PRECOMPILE_PREFIX_HEADER = YES;
				GCC_PREFIX_HEADER = "SuperCard/SuperCard-Prefix.pch";
				INFOPLIST_FILE = "SuperCard/SuperCard-Info.plist";
				PRODUCT_NAME = "$(TARGET_NAME)";
				WRAPPER_EXTENSION = app;
			};
			name = Debug;
		};
		3E38991D190D941300600AD0 /* Release */ = {
			isa = XCBuildConfiguration;
			buildSettings = {
				ASSETCATALOG_COMPILER_APPICON_NAME = AppIcon;
				ASSETCATALOG_COMPILER_LAUNCHIMAGE_NAME = LaunchImage;
				GCC_PRECOMPILE_PREFIX_HEADER = YES;
				GCC_PREFIX_HEADER = "SuperCard/SuperCard-Prefix.pch";
				INFOPLIST_FILE = "SuperCard/SuperCard-Info.plist";
				PRODUCT_NAME = "$(TARGET_NAME)";
				WRAPPER_EXTENSION = app;
			};
			name = Release;
		};
		3E38991F190D941300600AD0 /* Debug */ = {
			isa = XCBuildConfiguration;
			buildSettings = {
				BUNDLE_LOADER = "$(BUILT_PRODUCTS_DIR)/SuperCard.app/SuperCard";
				FRAMEWORK_SEARCH_PATHS = (
					"$(SDKROOT)/Developer/Library/Frameworks",
					"$(inherited)",
					"$(DEVELOPER_FRAMEWORKS_DIR)",
				);
				GCC_PRECOMPILE_PREFIX_HEADER = YES;
				GCC_PREFIX_HEADER = "SuperCard/SuperCard-Prefix.pch";
				GCC_PREPROCESSOR_DEFINITIONS = (
					"DEBUG=1",
					"$(inherited)",
				);
				INFOPLIST_FILE = "SuperCardTests/SuperCardTests-Info.plist";
				PRODUCT_NAME = "$(TARGET_NAME)";
				TEST_HOST = "$(BUNDLE_LOADER)";
				WRAPPER_EXTENSION = xctest;
			};
			name = Debug;
		};
		3E389920190D941300600AD0 /* Release */ = {
			isa = XCBuildConfiguration;
			buildSettings = {
				BUNDLE_LOADER = "$(BUILT_PRODUCTS_DIR)/SuperCard.app/SuperCard";
				FRAMEWORK_SEARCH_PATHS = (
					"$(SDKROOT)/Developer/Library/Frameworks",
					"$(inherited)",
					"$(DEVELOPER_FRAMEWORKS_DIR)",
				);
				GCC_PRECOMPILE_PREFIX_HEADER = YES;
				GCC_PREFIX_HEADER = "SuperCard/SuperCard-Prefix.pch";
				INFOPLIST_FILE = "SuperCardTests/SuperCardTests-Info.plist";
				PRODUCT_NAME = "$(TARGET_NAME)";
				TEST_HOST = "$(BUNDLE_LOADER)";
				WRAPPER_EXTENSION = xctest;
			};
			name = Release;
		};
/* End XCBuildConfiguration section */

/* Begin XCConfigurationList section */
		3E3898E4190D941300600AD0 /* Build configuration list for PBXProject "SuperCard" */ = {
			isa = XCConfigurationList;
			buildConfigurations = (
				3E389919190D941300600AD0 /* Debug */,
				3E38991A190D941300600AD0 /* Release */,
			);
			defaultConfigurationIsVisible = 0;
			defaultConfigurationName = Release;
		};
		3E38991B190D941300600AD0 /* Build configuration list for PBXNativeTarget "SuperCard" */ = {
			isa = XCConfigurationList;
			buildConfigurations = (
				3E38991C190D941300600AD0 /* Debug */,
				3E38991D190D941300600AD0 /* Release */,
			);
			defaultConfigurationIsVisible = 0;
		};
		3E38991E190D941300600AD0 /* Build configuration list for PBXNativeTarget "SuperCardTests" */ = {
			isa = XCConfigurationList;
			buildConfigurations = (
				3E38991F190D941300600AD0 /* Debug */,
				3E389920190D941300600AD0 /* Release */,
			);
			defaultConfigurationIsVisible = 0;
		};
/* End XCConfigurationList section */
	};
	rootObject = 3E3898E1190D941300600AD0 /* Project object */;
}
